
Microsoft Visual Studio Solution File, Format Version 12.00
# Visual Studio Version 16
VisualStudioVersion = 16.0.30717.126
MinimumVisualStudioVersion = 10.0.40219.1
Project("{FAE04EC0-301F-11D3-BF4B-00C04F79EFBC}") = "WebApplication", "WebApplication\WebApplication.csproj", "{A6118AAA-B89E-43EF-9637-42264615A3A2}"
EndProject
Project("{FAE04EC0-301F-11D3-BF4B-00C04F79EFBC}") = "WebApplication.Data", "WebApplication.Data\WebApplication.Data.csproj", "{E1479291-4D16-4C4F-BB27-53A541F11074}"
EndProject
Project("{FAE04EC0-301F-11D3-BF4B-00C04F79EFBC}") = "WebApplication.Domain", "WebApplication.Domain\WebApplication.Domain.csproj", "{1BCEF5CC-1C2F-45BA-9B5B-E983260E4526}"
EndProject
Project("{FAE04EC0-301F-11D3-BF4B-00C04F79EFBC}") = "WebApplication.Application", "WebApplication.Application\WebApplication.Application.csproj", "{0DEC1E2F-E414-4955-8B0C-04B1B35FD34F}"
EndProject
Global
	GlobalSection(SolutionConfigurationPlatforms) = preSolution
		Debug|Any CPU = Debug|Any CPU
		Release|Any CPU = Release|Any CPU
	EndGlobalSection
	GlobalSection(ProjectConfigurationPlatforms) = postSolution
		{A6118AAA-B89E-43EF-9637-42264615A3A2}.Debug|Any CPU.ActiveCfg = Debug|Any CPU
		{A6118AAA-B89E-43EF-9637-42264615A3A2}.Debug|Any CPU.Build.0 = Debug|Any CPU
		{A6118AAA-B89E-43EF-9637-42264615A3A2}.Release|Any CPU.ActiveCfg = Release|Any CPU
		{A6118AAA-B89E-43EF-9637-42264615A3A2}.Release|Any CPU.Build.0 = Release|Any CPU
		{E1479291-4D16-4C4F-BB27-53A541F11074}.Debug|Any CPU.ActiveCfg = Debug|Any CPU
		{E1479291-4D16-4C4F-BB27-53A541F11074}.Debug|Any CPU.Build.0 = Debug|Any CPU
		{E1479291-4D16-4C4F-BB27-53A541F11074}.Release|Any CPU.ActiveCfg = Release|Any CPU
		{E1479291-4D16-4C4F-BB27-53A541F11074}.Release|Any CPU.Build.0 = Release|Any CPU
		{1BCEF5CC-1C2F-45BA-9B5B-E983260E4526}.Debug|Any CPU.ActiveCfg = Debug|Any CPU
		{1BCEF5CC-1C2F-45BA-9B5B-E983260E4526}.Debug|Any CPU.Build.0 = Debug|Any CPU
		{1BCEF5CC-1C2F-45BA-9B5B-E983260E4526}.Release|Any CPU.ActiveCfg = Release|Any CPU
		{1BCEF5CC-1C2F-45BA-9B5B-E983260E4526}.Release|Any CPU.Build.0 = Release|Any CPU
		{0DEC1E2F-E414-4955-8B0C-04B1B35FD34F}.Debug|Any CPU.ActiveCfg = Debug|Any CPU
		{0DEC1E2F-E414-4955-8B0C-04B1B35FD34F}.Debug|Any CPU.Build.0 = Debug|Any CPU
		{0DEC1E2F-E414-4955-8B0C-04B1B35FD34F}.Release|Any CPU.ActiveCfg = Release|Any CPU
		{0DEC1E2F-E414-4955-8B0C-04B1B35FD34F}.Release|Any CPU.Build.0 = Release|Any CPU
	EndGlobalSection
	GlobalSection(SolutionProperties) = preSolution
		HideSolutionNode = FALSE
	EndGlobalSection
	GlobalSection(ExtensibilityGlobals) = postSolution
		SolutionGuid = {31DC1A4F-3D6F-4AF9-9658-74F4A16B8092}
	EndGlobalSection
EndGlobal
